github.com/caarlos0/env/v6 v6.7.2 h1:Jiy2dBHvNgCfNGMP0hOZW6jHUbiENvP+VWDtLz4n1Kg=
github.com/caarlos0/env/v6 v6.7.2/go.mod h1:FE0jGiAnQqtv2TenJ4KTa8+/T2Ss8kdS5s1VEjasoN0=
github.com/iancoleman/orderedmap v0.2.0 h1:sq1N/TFpYH++aViPcaKjys3bDClUEU7s5B+z6jq8pNA=
github.com/iancoleman/orderedmap v0.2.0/go.mod h1:N0Wam8K1arqPXNWjMo21EXnBPOPp36vB07FNRdD2geA=
github.com/matryer/is v1.4.0 h1:sosSmIWwkYITGrxZ25ULNDeKiMNzFSr4V/eqBQP0PeE=
github.com/matryer/is v1.4.0/go.mod h1:8I/i5uYgLzgsgEloJE1U6xx5HkBQpAZvepWuujKwMRU=
